
Microsoft Visual Studio Solution File, Format Version 12.00
# Visual Studio Version 16
VisualStudioVersion = 16.0.30413.136
MinimumVisualStudioVersion = 10.0.40219.1
Project("{2150E333-8FDC-42A3-9474-1A3956D46DE8}") = "src", "src", "{56CCE7E0-471A-4A6D-94CD-469BBF992BC7}"
EndProject
Project("{2150E333-8FDC-42A3-9474-1A3956D46DE8}") = "Catalog", "Catalog", "{C376BFD1-60AA-4E87-831B-1C9ABCF5AE55}"
EndProject
Project("{FAE04EC0-301F-11D3-BF4B-00C04F79EFBC}") = "Catalog.API", "src\Catalog\Catalog.API\Catalog.API.csproj", "{C288C7E0-8C71-484F-A537-A16CA12ED957}"
EndProject
Global
	GlobalSection(SolutionConfigurationPlatforms) = preSolution
		Debug|Any CPU = Debug|Any CPU
		Release|Any CPU = Release|Any CPU
	EndGlobalSection
	GlobalSection(ProjectConfigurationPlatforms) = postSolution
		{C288C7E0-8C71-484F-A537-A16CA12ED957}.Debug|Any CPU.ActiveCfg = Debug|Any CPU
		{C288C7E0-8C71-484F-A537-A16CA12ED957}.Debug|Any CPU.Build.0 = Debug|Any CPU
		{C288C7E0-8C71-484F-A537-A16CA12ED957}.Release|Any CPU.ActiveCfg = Release|Any CPU
		{C288C7E0-8C71-484F-A537-A16CA12ED957}.Release|Any CPU.Build.0 = Release|Any CPU
	EndGlobalSection
	GlobalSection(SolutionProperties) = preSolution
		HideSolutionNode = FALSE
	EndGlobalSection
	GlobalSection(NestedProjects) = preSolution
		{C376BFD1-60AA-4E87-831B-1C9ABCF5AE55} = {56CCE7E0-471A-4A6D-94CD-469BBF992BC7}
		{C288C7E0-8C71-484F-A537-A16CA12ED957} = {C376BFD1-60AA-4E87-831B-1C9ABCF5AE55}
	EndGlobalSection
	GlobalSection(ExtensibilityGlobals) = postSolution
		SolutionGuid = {E4CFC92D-29CA-475F-8FAE-AFA1310D2CA2}
	EndGlobalSection
EndGlobal
