
Microsoft Visual Studio Solution File, Format Version 12.00
# Visual Studio Version 16
VisualStudioVersion = 16.0.30413.136
MinimumVisualStudioVersion = 10.0.40219.1
Project("{2150E333-8FDC-42A3-9474-1A3956D46DE8}") = "src", "src", "{56CCE7E0-471A-4A6D-94CD-469BBF992BC7}"
EndProject
Project("{2150E333-8FDC-42A3-9474-1A3956D46DE8}") = "Catalog", "Catalog", "{C376BFD1-60AA-4E87-831B-1C9ABCF5AE55}"
EndProject
Project("{9A19103F-16F7-4668-BE54-9A1E7A4F7556}") = "Catalog.API", "src\Catalog\Catalog.API\Catalog.API.csproj", "{C288C7E0-8C71-484F-A537-A16CA12ED957}"
EndProject
Project("{E53339B2-1760-4266-BCC7-CA923CBCF16C}") = "docker-compose", "docker-compose.dcproj", "{902A652C-5F01-45ED-81D3-5A51D85E53D0}"
EndProject
Project("{2150E333-8FDC-42A3-9474-1A3956D46DE8}") = "Basket", "Basket", "{C40730BE-42CB-42BE-8FD0-58FA264CB2D6}"
EndProject
Project("{FAE04EC0-301F-11D3-BF4B-00C04F79EFBC}") = "Basket.API", "src\Basket\Basket.API\Basket.API.csproj", "{9CB1D01B-D716-4729-B20D-B8B04E720166}"
EndProject
Project("{2150E333-8FDC-42A3-9474-1A3956D46DE8}") = "Common", "Common", "{A8765E64-9F0D-40D2-8E2C-96CD415A4A11}"
EndProject
Project("{FAE04EC0-301F-11D3-BF4B-00C04F79EFBC}") = "EventBusRabbitMQ", "src\Common\EventBusRabbitMQ\EventBusRabbitMQ.csproj", "{28F43EAA-6B3D-4758-A946-BBFCC7E424AD}"
EndProject
Project("{2150E333-8FDC-42A3-9474-1A3956D46DE8}") = "Ordering", "Ordering", "{99F766FA-BFD4-4D14-B410-D5C266DFE972}"
EndProject
Project("{FAE04EC0-301F-11D3-BF4B-00C04F79EFBC}") = "Ordering.API", "src\Ordering\Ordering.API\Ordering.API.csproj", "{6F6A20FA-56EA-4662-AAAE-CD44F4856280}"
EndProject
Project("{FAE04EC0-301F-11D3-BF4B-00C04F79EFBC}") = "Ordering.Core", "src\Ordering\Ordering.Core\Ordering.Core.csproj", "{A419AD32-B30C-47FA-8858-74E7B38F3A32}"
EndProject
Project("{FAE04EC0-301F-11D3-BF4B-00C04F79EFBC}") = "Ordering.Infrastructure", "src\Ordering\Ordering.Infrastructure\Ordering.Infrastructure.csproj", "{4F1A89AE-C65D-413D-8745-7B506D98EEF2}"
EndProject
Project("{FAE04EC0-301F-11D3-BF4B-00C04F79EFBC}") = "Ordering.Application", "src\Ordering\Ordering.Application\Ordering.Application.csproj", "{A98F5B53-D39F-4AEC-81AD-BA8169BFCE0E}"
EndProject
Global
	GlobalSection(SolutionConfigurationPlatforms) = preSolution
		Debug|Any CPU = Debug|Any CPU
		Release|Any CPU = Release|Any CPU
	EndGlobalSection
	GlobalSection(ProjectConfigurationPlatforms) = postSolution
		{C288C7E0-8C71-484F-A537-A16CA12ED957}.Debug|Any CPU.ActiveCfg = Debug|Any CPU
		{C288C7E0-8C71-484F-A537-A16CA12ED957}.Debug|Any CPU.Build.0 = Debug|Any CPU
		{C288C7E0-8C71-484F-A537-A16CA12ED957}.Release|Any CPU.ActiveCfg = Release|Any CPU
		{C288C7E0-8C71-484F-A537-A16CA12ED957}.Release|Any CPU.Build.0 = Release|Any CPU
		{902A652C-5F01-45ED-81D3-5A51D85E53D0}.Debug|Any CPU.ActiveCfg = Debug|Any CPU
		{902A652C-5F01-45ED-81D3-5A51D85E53D0}.Debug|Any CPU.Build.0 = Debug|Any CPU
		{902A652C-5F01-45ED-81D3-5A51D85E53D0}.Release|Any CPU.ActiveCfg = Release|Any CPU
		{902A652C-5F01-45ED-81D3-5A51D85E53D0}.Release|Any CPU.Build.0 = Release|Any CPU
		{9CB1D01B-D716-4729-B20D-B8B04E720166}.Debug|Any CPU.ActiveCfg = Debug|Any CPU
		{9CB1D01B-D716-4729-B20D-B8B04E720166}.Debug|Any CPU.Build.0 = Debug|Any CPU
		{9CB1D01B-D716-4729-B20D-B8B04E720166}.Release|Any CPU.ActiveCfg = Release|Any CPU
		{9CB1D01B-D716-4729-B20D-B8B04E720166}.Release|Any CPU.Build.0 = Release|Any CPU
		{28F43EAA-6B3D-4758-A946-BBFCC7E424AD}.Debug|Any CPU.ActiveCfg = Debug|Any CPU
		{28F43EAA-6B3D-4758-A946-BBFCC7E424AD}.Debug|Any CPU.Build.0 = Debug|Any CPU
		{28F43EAA-6B3D-4758-A946-BBFCC7E424AD}.Release|Any CPU.ActiveCfg = Release|Any CPU
		{28F43EAA-6B3D-4758-A946-BBFCC7E424AD}.Release|Any CPU.Build.0 = Release|Any CPU
		{6F6A20FA-56EA-4662-AAAE-CD44F4856280}.Debug|Any CPU.ActiveCfg = Debug|Any CPU
		{6F6A20FA-56EA-4662-AAAE-CD44F4856280}.Debug|Any CPU.Build.0 = Debug|Any CPU
		{6F6A20FA-56EA-4662-AAAE-CD44F4856280}.Release|Any CPU.ActiveCfg = Release|Any CPU
		{6F6A20FA-56EA-4662-AAAE-CD44F4856280}.Release|Any CPU.Build.0 = Release|Any CPU
		{A419AD32-B30C-47FA-8858-74E7B38F3A32}.Debug|Any CPU.ActiveCfg = Debug|Any CPU
		{A419AD32-B30C-47FA-8858-74E7B38F3A32}.Debug|Any CPU.Build.0 = Debug|Any CPU
		{A419AD32-B30C-47FA-8858-74E7B38F3A32}.Release|Any CPU.ActiveCfg = Release|Any CPU
		{A419AD32-B30C-47FA-8858-74E7B38F3A32}.Release|Any CPU.Build.0 = Release|Any CPU
		{4F1A89AE-C65D-413D-8745-7B506D98EEF2}.Debug|Any CPU.ActiveCfg = Debug|Any CPU
		{4F1A89AE-C65D-413D-8745-7B506D98EEF2}.Debug|Any CPU.Build.0 = Debug|Any CPU
		{4F1A89AE-C65D-413D-8745-7B506D98EEF2}.Release|Any CPU.ActiveCfg = Release|Any CPU
		{4F1A89AE-C65D-413D-8745-7B506D98EEF2}.Release|Any CPU.Build.0 = Release|Any CPU
		{A98F5B53-D39F-4AEC-81AD-BA8169BFCE0E}.Debug|Any CPU.ActiveCfg = Debug|Any CPU
		{A98F5B53-D39F-4AEC-81AD-BA8169BFCE0E}.Debug|Any CPU.Build.0 = Debug|Any CPU
		{A98F5B53-D39F-4AEC-81AD-BA8169BFCE0E}.Release|Any CPU.ActiveCfg = Release|Any CPU
		{A98F5B53-D39F-4AEC-81AD-BA8169BFCE0E}.Release|Any CPU.Build.0 = Release|Any CPU
	EndGlobalSection
	GlobalSection(SolutionProperties) = preSolution
		HideSolutionNode = FALSE
	EndGlobalSection
	GlobalSection(NestedProjects) = preSolution
		{C376BFD1-60AA-4E87-831B-1C9ABCF5AE55} = {56CCE7E0-471A-4A6D-94CD-469BBF992BC7}
		{C288C7E0-8C71-484F-A537-A16CA12ED957} = {C376BFD1-60AA-4E87-831B-1C9ABCF5AE55}
		{C40730BE-42CB-42BE-8FD0-58FA264CB2D6} = {56CCE7E0-471A-4A6D-94CD-469BBF992BC7}
		{9CB1D01B-D716-4729-B20D-B8B04E720166} = {C40730BE-42CB-42BE-8FD0-58FA264CB2D6}
		{A8765E64-9F0D-40D2-8E2C-96CD415A4A11} = {56CCE7E0-471A-4A6D-94CD-469BBF992BC7}
		{28F43EAA-6B3D-4758-A946-BBFCC7E424AD} = {A8765E64-9F0D-40D2-8E2C-96CD415A4A11}
		{99F766FA-BFD4-4D14-B410-D5C266DFE972} = {56CCE7E0-471A-4A6D-94CD-469BBF992BC7}
		{6F6A20FA-56EA-4662-AAAE-CD44F4856280} = {99F766FA-BFD4-4D14-B410-D5C266DFE972}
		{A419AD32-B30C-47FA-8858-74E7B38F3A32} = {99F766FA-BFD4-4D14-B410-D5C266DFE972}
		{4F1A89AE-C65D-413D-8745-7B506D98EEF2} = {99F766FA-BFD4-4D14-B410-D5C266DFE972}
		{A98F5B53-D39F-4AEC-81AD-BA8169BFCE0E} = {99F766FA-BFD4-4D14-B410-D5C266DFE972}
	EndGlobalSection
	GlobalSection(ExtensibilityGlobals) = postSolution
		SolutionGuid = {E4CFC92D-29CA-475F-8FAE-AFA1310D2CA2}
	EndGlobalSection
EndGlobal
